
Microsoft Visual Studio Solution File, Format Version 12.00
# Visual Studio Version 17
VisualStudioVersion = 17.2.32519.379
MinimumVisualStudioVersion = 10.0.40219.1
Project("{FAE04EC0-301F-11D3-BF4B-00C04F79EFBC}") = "Fedoraloader", "Fedoraloader\Fedoraloader.csproj", "{5BEFA9BB-774D-4F2A-B581-BD2B78E9660C}"
EndProject
Project("{8BC9CEB8-8B4A-11D0-8D11-00A0C91BC942}") = "VAC-Bypass", "VAC-Bypass\VAC-Bypass.vcxproj", "{570CD524-DFD6-4C22-85FE-8116F8DD4682}"
EndProject
Global
	GlobalSection(SolutionConfigurationPlatforms) = preSolution
		Debug|Any CPU = Debug|Any CPU
		Debug|x64 = Debug|x64
		Debug|x86 = Debug|x86
		Release|Any CPU = Release|Any CPU
		Release|x64 = Release|x64
		Release|x86 = Release|x86
	EndGlobalSection
	GlobalSection(ProjectConfigurationPlatforms) = postSolution
		{5BEFA9BB-774D-4F2A-B581-BD2B78E9660C}.Debug|Any CPU.ActiveCfg = Debug|x86
		{5BEFA9BB-774D-4F2A-B581-BD2B78E9660C}.Debug|x64.ActiveCfg = Debug|x86
		{5BEFA9BB-774D-4F2A-B581-BD2B78E9660C}.Debug|x64.Build.0 = Debug|x86
		{5BEFA9BB-774D-4F2A-B581-BD2B78E9660C}.Debug|x86.ActiveCfg = Debug|x86
		{5BEFA9BB-774D-4F2A-B581-BD2B78E9660C}.Debug|x86.Build.0 = Debug|x86
		{5BEFA9BB-774D-4F2A-B581-BD2B78E9660C}.Release|Any CPU.ActiveCfg = Release|x86
		{5BEFA9BB-774D-4F2A-B581-BD2B78E9660C}.Release|x64.ActiveCfg = Release|x86
		{5BEFA9BB-774D-4F2A-B581-BD2B78E9660C}.Release|x64.Build.0 = Release|x86
		{5BEFA9BB-774D-4F2A-B581-BD2B78E9660C}.Release|x86.ActiveCfg = Release|x86
		{5BEFA9BB-774D-4F2A-B581-BD2B78E9660C}.Release|x86.Build.0 = Release|x86
		{570CD524-DFD6-4C22-85FE-8116F8DD4682}.Debug|Any CPU.ActiveCfg = Debug|x64
		{570CD524-DFD6-4C22-85FE-8116F8DD4682}.Debug|Any CPU.Build.0 = Debug|x64
		{570CD524-DFD6-4C22-85FE-8116F8DD4682}.Debug|x64.ActiveCfg = Debug|x64
		{570CD524-DFD6-4C22-85FE-8116F8DD4682}.Debug|x64.Build.0 = Debug|x64
		{570CD524-DFD6-4C22-85FE-8116F8DD4682}.Debug|x86.ActiveCfg = Debug|Win32
		{570CD524-DFD6-4C22-85FE-8116F8DD4682}.Debug|x86.Build.0 = Debug|Win32
		{570CD524-DFD6-4C22-85FE-8116F8DD4682}.Release|Any CPU.ActiveCfg = Release|x64
		{570CD524-DFD6-4C22-85FE-8116F8DD4682}.Release|Any CPU.Build.0 = Release|x64
		{570CD524-DFD6-4C22-85FE-8116F8DD4682}.Release|x64.ActiveCfg = Release|x64
		{570CD524-DFD6-4C22-85FE-8116F8DD4682}.Release|x64.Build.0 = Release|x64
		{570CD524-DFD6-4C22-85FE-8116F8DD4682}.Release|x86.ActiveCfg = Release|Win32
		{570CD524-DFD6-4C22-85FE-8116F8DD4682}.Release|x86.Build.0 = Release|Win32
	EndGlobalSection
	GlobalSection(SolutionProperties) = preSolution
		HideSolutionNode = FALSE
	EndGlobalSection
	GlobalSection(ExtensibilityGlobals) = postSolution
		SolutionGuid = {2EE34994-5680-478A-87E3-EEB5B5597D24}
	EndGlobalSection
EndGlobal
